
Microsoft Visual Studio Solution File, Format Version 12.00
# Visual Studio Version 17
VisualStudioVersion = 17.4.33403.182
MinimumVisualStudioVersion = 10.0.40219.1
Project("{9A19103F-16F7-4668-BE54-9A1E7A4F7556}") = "Microsoft.Dynamics365.UIAutomation.Api", "Microsoft.Dynamics365.UIAutomation.Api\Microsoft.Dynamics365.UIAutomation.Api.csproj", "{25C5D860-A8D7-4B1E-B3FD-AD88D3873D49}"
EndProject
Project("{9A19103F-16F7-4668-BE54-9A1E7A4F7556}") = "Microsoft.Dynamics365.UIAutomation.Browser", "Microsoft.Dynamics365.UIAutomation.Browser\Microsoft.Dynamics365.UIAutomation.Browser.csproj", "{F6344734-E9A5-4FBF-8C38-EB292C25547D}"
EndProject
Project("{9A19103F-16F7-4668-BE54-9A1E7A4F7556}") = "Microsoft.Dynamics365.UIAutomation.Sample", "Microsoft.Dynamics365.UIAutomation.Sample\Microsoft.Dynamics365.UIAutomation.Sample.csproj", "{9ADFDE5D-49EC-4D3E-937C-A07572338B58}"
EndProject
Global
	GlobalSection(SolutionConfigurationPlatforms) = preSolution
		Debug|Any CPU = Debug|Any CPU
		Release|Any CPU = Release|Any CPU
	EndGlobalSection
	GlobalSection(ProjectConfigurationPlatforms) = postSolution
		{25C5D860-A8D7-4B1E-B3FD-AD88D3873D49}.Debug|Any CPU.ActiveCfg = Debug|Any CPU
		{25C5D860-A8D7-4B1E-B3FD-AD88D3873D49}.Debug|Any CPU.Build.0 = Debug|Any CPU
		{25C5D860-A8D7-4B1E-B3FD-AD88D3873D49}.Release|Any CPU.ActiveCfg = Release|Any CPU
		{25C5D860-A8D7-4B1E-B3FD-AD88D3873D49}.Release|Any CPU.Build.0 = Release|Any CPU
		{F6344734-E9A5-4FBF-8C38-EB292C25547D}.Debug|Any CPU.ActiveCfg = Debug|Any CPU
		{F6344734-E9A5-4FBF-8C38-EB292C25547D}.Debug|Any CPU.Build.0 = Debug|Any CPU
		{F6344734-E9A5-4FBF-8C38-EB292C25547D}.Release|Any CPU.ActiveCfg = Release|Any CPU
		{F6344734-E9A5-4FBF-8C38-EB292C25547D}.Release|Any CPU.Build.0 = Release|Any CPU
		{9ADFDE5D-49EC-4D3E-937C-A07572338B58}.Debug|Any CPU.ActiveCfg = Debug|Any CPU
		{9ADFDE5D-49EC-4D3E-937C-A07572338B58}.Debug|Any CPU.Build.0 = Debug|Any CPU
		{9ADFDE5D-49EC-4D3E-937C-A07572338B58}.Release|Any CPU.ActiveCfg = Release|Any CPU
		{9ADFDE5D-49EC-4D3E-937C-A07572338B58}.Release|Any CPU.Build.0 = Release|Any CPU
	EndGlobalSection
	GlobalSection(SolutionProperties) = preSolution
		HideSolutionNode = FALSE
	EndGlobalSection
	GlobalSection(ExtensibilityGlobals) = postSolution
		SolutionGuid = {C0B8B7E6-AF7E-4612-B2CB-26E628B1EFC3}
	EndGlobalSection
EndGlobal
