
Microsoft Visual Studio Solution File, Format Version 12.00
# Visual Studio 15
VisualStudioVersion = 15.0.28307.489
MinimumVisualStudioVersion = 10.0.40219.1
Project("{FAE04EC0-301F-11D3-BF4B-00C04F79EFBC}") = "Microsoft.Dynamics365.UIAutomation.Sample", "Microsoft.Dynamics365.UIAutomation.Sample\Microsoft.Dynamics365.UIAutomation.Sample.csproj", "{A075B87E-DCA5-4A2A-909B-932E2F5F98B4}"
EndProject
Project("{FAE04EC0-301F-11D3-BF4B-00C04F79EFBC}") = "Microsoft.Dynamics365.UIAutomation.DotNetCore.Api", "Microsoft.Dynamics365.UIAutomation.DotNetCore.Api\Microsoft.Dynamics365.UIAutomation.DotNetCore.Api.csproj", "{FFCCE25D-FC35-42D1-AAF0-1E0F7A85B19B}"
EndProject
Project("{FAE04EC0-301F-11D3-BF4B-00C04F79EFBC}") = "Microsoft.Dynamics365.UIAutomation.DotNetCore.Browser", "Microsoft.Dynamics365.UIAutomation.DotNetCore.Browser\Microsoft.Dynamics365.UIAutomation.DotNetCore.Browser.csproj", "{352209C6-5ACF-42C9-AB6D-6C0CF34CD16F}"
EndProject
Project("{FAE04EC0-301F-11D3-BF4B-00C04F79EFBC}") = "Microsoft.Dynamics365.UIAutomation.DotNetCore.Api.UCI", "Microsoft.Dynamics365.UIAutomation.DotNetCore.Api.UCI\Microsoft.Dynamics365.UIAutomation.DotNetCore.Api.UCI.csproj", "{171E7FE9-3BEA-48D6-9B9E-FBF35592D1C3}"
EndProject
Global
	GlobalSection(SolutionConfigurationPlatforms) = preSolution
		Debug|Any CPU = Debug|Any CPU
		Release|Any CPU = Release|Any CPU
		UnitTest|Any CPU = UnitTest|Any CPU
	EndGlobalSection
	GlobalSection(ProjectConfigurationPlatforms) = postSolution
		{A075B87E-DCA5-4A2A-909B-932E2F5F98B4}.Debug|Any CPU.ActiveCfg = Debug|Any CPU
		{A075B87E-DCA5-4A2A-909B-932E2F5F98B4}.Debug|Any CPU.Build.0 = Debug|Any CPU
		{A075B87E-DCA5-4A2A-909B-932E2F5F98B4}.Release|Any CPU.ActiveCfg = Release|Any CPU
		{A075B87E-DCA5-4A2A-909B-932E2F5F98B4}.Release|Any CPU.Build.0 = Release|Any CPU
		{A075B87E-DCA5-4A2A-909B-932E2F5F98B4}.UnitTest|Any CPU.ActiveCfg = UnitTest|Any CPU
		{A075B87E-DCA5-4A2A-909B-932E2F5F98B4}.UnitTest|Any CPU.Build.0 = UnitTest|Any CPU
		{FFCCE25D-FC35-42D1-AAF0-1E0F7A85B19B}.Debug|Any CPU.ActiveCfg = Debug|Any CPU
		{FFCCE25D-FC35-42D1-AAF0-1E0F7A85B19B}.Debug|Any CPU.Build.0 = Debug|Any CPU
		{FFCCE25D-FC35-42D1-AAF0-1E0F7A85B19B}.Release|Any CPU.ActiveCfg = Release|Any CPU
		{FFCCE25D-FC35-42D1-AAF0-1E0F7A85B19B}.Release|Any CPU.Build.0 = Release|Any CPU
		{FFCCE25D-FC35-42D1-AAF0-1E0F7A85B19B}.UnitTest|Any CPU.ActiveCfg = Debug|Any CPU
		{FFCCE25D-FC35-42D1-AAF0-1E0F7A85B19B}.UnitTest|Any CPU.Build.0 = Debug|Any CPU
		{352209C6-5ACF-42C9-AB6D-6C0CF34CD16F}.Debug|Any CPU.ActiveCfg = Debug|Any CPU
		{352209C6-5ACF-42C9-AB6D-6C0CF34CD16F}.Debug|Any CPU.Build.0 = Debug|Any CPU
		{352209C6-5ACF-42C9-AB6D-6C0CF34CD16F}.Release|Any CPU.ActiveCfg = Release|Any CPU
		{352209C6-5ACF-42C9-AB6D-6C0CF34CD16F}.Release|Any CPU.Build.0 = Release|Any CPU
		{352209C6-5ACF-42C9-AB6D-6C0CF34CD16F}.UnitTest|Any CPU.ActiveCfg = Debug|Any CPU
		{352209C6-5ACF-42C9-AB6D-6C0CF34CD16F}.UnitTest|Any CPU.Build.0 = Debug|Any CPU
		{171E7FE9-3BEA-48D6-9B9E-FBF35592D1C3}.Debug|Any CPU.ActiveCfg = Debug|Any CPU
		{171E7FE9-3BEA-48D6-9B9E-FBF35592D1C3}.Debug|Any CPU.Build.0 = Debug|Any CPU
		{171E7FE9-3BEA-48D6-9B9E-FBF35592D1C3}.Release|Any CPU.ActiveCfg = Release|Any CPU
		{171E7FE9-3BEA-48D6-9B9E-FBF35592D1C3}.Release|Any CPU.Build.0 = Release|Any CPU
		{171E7FE9-3BEA-48D6-9B9E-FBF35592D1C3}.UnitTest|Any CPU.ActiveCfg = Debug|Any CPU
		{171E7FE9-3BEA-48D6-9B9E-FBF35592D1C3}.UnitTest|Any CPU.Build.0 = Debug|Any CPU
	EndGlobalSection
	GlobalSection(SolutionProperties) = preSolution
		HideSolutionNode = FALSE
	EndGlobalSection
	GlobalSection(ExtensibilityGlobals) = postSolution
		SolutionGuid = {82A9A4D2-54C4-47BC-A74D-0663E409A9CC}
	EndGlobalSection
EndGlobal
