
Microsoft Visual Studio Solution File, Format Version 12.00
# Visual Studio 15
VisualStudioVersion = 15.0.27130.2027
MinimumVisualStudioVersion = 10.0.40219.1
Project("{FAE04EC0-301F-11D3-BF4B-00C04F79EFBC}") = "Microsoft.Dynamics365.UIAutomation.Browser", "Microsoft.Dynamics365.UIAutomation.Browser\Microsoft.Dynamics365.UIAutomation.Browser.csproj", "{C9748803-F3CB-4531-B313-BC24D4D0BF0C}"
EndProject
Project("{D954291E-2A0B-460D-934E-DC6B0785DB48}") = "Microsoft.Dynamics365.UIAutomation.Api.Shared", "Microsoft.Dynamics365.UIAutomation.Api.Shared\Microsoft.Dynamics365.UIAutomation.Api.Shared.shproj", "{632515D8-12C2-4A36-B900-B29D283933A6}"
EndProject
Project("{FAE04EC0-301F-11D3-BF4B-00C04F79EFBC}") = "Microsoft.Dynamics365.UIAutomation.Api.OnPremise", "Microsoft.Dynamics365.UIAutomation.Api.OnPrem\Microsoft.Dynamics365.UIAutomation.Api.OnPremise.csproj", "{80A65998-62A8-4E7B-87A0-8492C16703D3}"
EndProject
Project("{FAE04EC0-301F-11D3-BF4B-00C04F79EFBC}") = "Microsoft.Dynamics365.UIAutomation.Api.Online", "Microsoft.Dynamics365.UIAutomation.Api.Online\Microsoft.Dynamics365.UIAutomation.Api.Online.csproj", "{73DCF3F6-DD2F-43B1-B795-4428EC0456D4}"
EndProject
Project("{D954291E-2A0B-460D-934E-DC6B0785DB48}") = "Microsoft.Dynamics365.UIAutomation.Sample.Shared", "Microsoft.Dynamics365.UIAutomation.Sample.Shared\Microsoft.Dynamics365.UIAutomation.Sample.Shared.shproj", "{430C39E8-41DF-4E82-95C9-39153107A30F}"
EndProject
Project("{FAE04EC0-301F-11D3-BF4B-00C04F79EFBC}") = "Microsoft.Dynamics365.UIAutomation.Sample.OnPremise", "Microsoft.Dynamics365.UIAutomation.Sample.OnPrem\Microsoft.Dynamics365.UIAutomation.Sample.OnPremise.csproj", "{B2829BBC-2DFC-4BEB-BCFA-7E48DC488C8E}"
EndProject
Project("{FAE04EC0-301F-11D3-BF4B-00C04F79EFBC}") = "Microsoft.Dynamics365.UIAutomation.Reference", "Microsoft.Dynamics365.UIAutomation.Reference\Microsoft.Dynamics365.UIAutomation.Reference.csproj", "{82090BFA-6376-4AEA-A5E8-ADCA1BE0B76B}"
EndProject
Project("{FAE04EC0-301F-11D3-BF4B-00C04F79EFBC}") = "Microsoft.Dynamics365.UIAutomation.Sample.Online", "Microsoft.Dynamics365.UIAutomation.Sample.Online\Microsoft.Dynamics365.UIAutomation.Sample.Online.csproj", "{AE375A2F-5FF5-487D-B043-51A3336BBF83}"
EndProject
Global
	GlobalSection(SharedMSBuildProjectFiles) = preSolution
		Microsoft.Dynamics365.UIAutomation.Sample.Shared\Microsoft.Dynamics365.UIAutomation.Sample.Shared.projitems*{430c39e8-41df-4e82-95c9-39153107a30f}*SharedItemsImports = 13
		Microsoft.Dynamics365.UIAutomation.Api.Shared\Microsoft.Dynamics365.UIAutomation.Api.Shared.projitems*{632515d8-12c2-4a36-b900-b29d283933a6}*SharedItemsImports = 13
		Microsoft.Dynamics365.UIAutomation.Api.Shared\Microsoft.Dynamics365.UIAutomation.Api.Shared.projitems*{73dcf3f6-dd2f-43b1-b795-4428ec0456d4}*SharedItemsImports = 4
		Microsoft.Dynamics365.UIAutomation.Api.Shared\Microsoft.Dynamics365.UIAutomation.Api.Shared.projitems*{80a65998-62a8-4e7b-87a0-8492c16703d3}*SharedItemsImports = 4
		Microsoft.Dynamics365.UIAutomation.Sample.Shared\Microsoft.Dynamics365.UIAutomation.Sample.Shared.projitems*{ae375a2f-5ff5-487d-b043-51a3336bbf83}*SharedItemsImports = 4
		Microsoft.Dynamics365.UIAutomation.Sample.Shared\Microsoft.Dynamics365.UIAutomation.Sample.Shared.projitems*{b2829bbc-2dfc-4beb-bcfa-7e48dc488c8e}*SharedItemsImports = 4
	EndGlobalSection
	GlobalSection(SolutionConfigurationPlatforms) = preSolution
		Debug|Any CPU = Debug|Any CPU
		Release|Any CPU = Release|Any CPU
		UnitTest|Any CPU = UnitTest|Any CPU
	EndGlobalSection
	GlobalSection(ProjectConfigurationPlatforms) = postSolution
		{C9748803-F3CB-4531-B313-BC24D4D0BF0C}.Debug|Any CPU.ActiveCfg = Debug|Any CPU
		{C9748803-F3CB-4531-B313-BC24D4D0BF0C}.Debug|Any CPU.Build.0 = Debug|Any CPU
		{C9748803-F3CB-4531-B313-BC24D4D0BF0C}.Release|Any CPU.ActiveCfg = Release|Any CPU
		{C9748803-F3CB-4531-B313-BC24D4D0BF0C}.Release|Any CPU.Build.0 = Release|Any CPU
		{C9748803-F3CB-4531-B313-BC24D4D0BF0C}.UnitTest|Any CPU.ActiveCfg = Release|Any CPU
		{C9748803-F3CB-4531-B313-BC24D4D0BF0C}.UnitTest|Any CPU.Build.0 = Release|Any CPU
		{80A65998-62A8-4E7B-87A0-8492C16703D3}.Debug|Any CPU.ActiveCfg = Debug|Any CPU
		{80A65998-62A8-4E7B-87A0-8492C16703D3}.Debug|Any CPU.Build.0 = Debug|Any CPU
		{80A65998-62A8-4E7B-87A0-8492C16703D3}.Release|Any CPU.ActiveCfg = Release|Any CPU
		{80A65998-62A8-4E7B-87A0-8492C16703D3}.Release|Any CPU.Build.0 = Release|Any CPU
		{80A65998-62A8-4E7B-87A0-8492C16703D3}.UnitTest|Any CPU.ActiveCfg = Release|Any CPU
		{80A65998-62A8-4E7B-87A0-8492C16703D3}.UnitTest|Any CPU.Build.0 = Release|Any CPU
		{73DCF3F6-DD2F-43B1-B795-4428EC0456D4}.Debug|Any CPU.ActiveCfg = Debug|Any CPU
		{73DCF3F6-DD2F-43B1-B795-4428EC0456D4}.Debug|Any CPU.Build.0 = Debug|Any CPU
		{73DCF3F6-DD2F-43B1-B795-4428EC0456D4}.Release|Any CPU.ActiveCfg = Release|Any CPU
		{73DCF3F6-DD2F-43B1-B795-4428EC0456D4}.Release|Any CPU.Build.0 = Release|Any CPU
		{73DCF3F6-DD2F-43B1-B795-4428EC0456D4}.UnitTest|Any CPU.ActiveCfg = Release|Any CPU
		{73DCF3F6-DD2F-43B1-B795-4428EC0456D4}.UnitTest|Any CPU.Build.0 = Release|Any CPU
		{B2829BBC-2DFC-4BEB-BCFA-7E48DC488C8E}.Debug|Any CPU.ActiveCfg = Debug|Any CPU
		{B2829BBC-2DFC-4BEB-BCFA-7E48DC488C8E}.Debug|Any CPU.Build.0 = Debug|Any CPU
		{B2829BBC-2DFC-4BEB-BCFA-7E48DC488C8E}.Release|Any CPU.ActiveCfg = Release|Any CPU
		{B2829BBC-2DFC-4BEB-BCFA-7E48DC488C8E}.Release|Any CPU.Build.0 = Release|Any CPU
		{B2829BBC-2DFC-4BEB-BCFA-7E48DC488C8E}.UnitTest|Any CPU.ActiveCfg = Release|Any CPU
		{B2829BBC-2DFC-4BEB-BCFA-7E48DC488C8E}.UnitTest|Any CPU.Build.0 = Release|Any CPU
		{82090BFA-6376-4AEA-A5E8-ADCA1BE0B76B}.Debug|Any CPU.ActiveCfg = Debug|Any CPU
		{82090BFA-6376-4AEA-A5E8-ADCA1BE0B76B}.Debug|Any CPU.Build.0 = Debug|Any CPU
		{82090BFA-6376-4AEA-A5E8-ADCA1BE0B76B}.Release|Any CPU.ActiveCfg = Release|Any CPU
		{82090BFA-6376-4AEA-A5E8-ADCA1BE0B76B}.Release|Any CPU.Build.0 = Release|Any CPU
		{82090BFA-6376-4AEA-A5E8-ADCA1BE0B76B}.UnitTest|Any CPU.ActiveCfg = Release|Any CPU
		{82090BFA-6376-4AEA-A5E8-ADCA1BE0B76B}.UnitTest|Any CPU.Build.0 = Release|Any CPU
		{AE375A2F-5FF5-487D-B043-51A3336BBF83}.Debug|Any CPU.ActiveCfg = Debug|Any CPU
		{AE375A2F-5FF5-487D-B043-51A3336BBF83}.Debug|Any CPU.Build.0 = Debug|Any CPU
		{AE375A2F-5FF5-487D-B043-51A3336BBF83}.Release|Any CPU.ActiveCfg = Release|Any CPU
		{AE375A2F-5FF5-487D-B043-51A3336BBF83}.Release|Any CPU.Build.0 = Release|Any CPU
		{AE375A2F-5FF5-487D-B043-51A3336BBF83}.UnitTest|Any CPU.ActiveCfg = Release|Any CPU
		{AE375A2F-5FF5-487D-B043-51A3336BBF83}.UnitTest|Any CPU.Build.0 = Release|Any CPU
	EndGlobalSection
	GlobalSection(SolutionProperties) = preSolution
		HideSolutionNode = FALSE
	EndGlobalSection
	GlobalSection(ExtensibilityGlobals) = postSolution
		SolutionGuid = {86EA1D07-98D1-4C66-A409-BE8811774F2E}
	EndGlobalSection
EndGlobal
